
Microsoft Visual Studio Solution File, Format Version 12.00
# Visual Studio Version 16
VisualStudioVersion = 16.0.30907.101
MinimumVisualStudioVersion = 10.0.40219.1
Project("{9A19103F-16F7-4668-BE54-9A1E7A4F7556}") = "MimicAPI", "MimicAPI\MimicAPI.csproj", "{6B9A0D39-15EC-446C-93AB-B5805DE7AF4A}"
EndProject
Project("{FAE04EC0-301F-11D3-BF4B-00C04F79EFBC}") = "Mimic.Repository.Tests", "Mimic.Repository.Tests\Mimic.Repository.Tests.csproj", "{708B338B-7D26-49CB-8E0C-AD13FBAD9D87}"
EndProject
Global
	GlobalSection(SolutionConfigurationPlatforms) = preSolution
		Debug|Any CPU = Debug|Any CPU
		Release|Any CPU = Release|Any CPU
	EndGlobalSection
	GlobalSection(ProjectConfigurationPlatforms) = postSolution
		{6B9A0D39-15EC-446C-93AB-B5805DE7AF4A}.Debug|Any CPU.ActiveCfg = Debug|Any CPU
		{6B9A0D39-15EC-446C-93AB-B5805DE7AF4A}.Debug|Any CPU.Build.0 = Debug|Any CPU
		{6B9A0D39-15EC-446C-93AB-B5805DE7AF4A}.Release|Any CPU.ActiveCfg = Release|Any CPU
		{6B9A0D39-15EC-446C-93AB-B5805DE7AF4A}.Release|Any CPU.Build.0 = Release|Any CPU
		{708B338B-7D26-49CB-8E0C-AD13FBAD9D87}.Debug|Any CPU.ActiveCfg = Debug|Any CPU
		{708B338B-7D26-49CB-8E0C-AD13FBAD9D87}.Debug|Any CPU.Build.0 = Debug|Any CPU
		{708B338B-7D26-49CB-8E0C-AD13FBAD9D87}.Release|Any CPU.ActiveCfg = Release|Any CPU
		{708B338B-7D26-49CB-8E0C-AD13FBAD9D87}.Release|Any CPU.Build.0 = Release|Any CPU
	EndGlobalSection
	GlobalSection(SolutionProperties) = preSolution
		HideSolutionNode = FALSE
	EndGlobalSection
	GlobalSection(ExtensibilityGlobals) = postSolution
		SolutionGuid = {A8D9FF84-980B-42AE-BF99-A464C592C0AD}
	EndGlobalSection
EndGlobal
